
Microsoft Visual Studio Solution File, Format Version 12.00
# Visual Studio Version 17
VisualStudioVersion = 17.8.34511.84
MinimumVisualStudioVersion = 10.0.40219.1
Project("{FAE04EC0-301F-11D3-BF4B-00C04F79EFBC}") = "Tutorial 01, Q06", "Tutorial 01, Q06.csproj", "{ED634E75-FDF9-40E7-BE2E-FE11401F22D4}"
EndProject
Global
	GlobalSection(SolutionConfigurationPlatforms) = preSolution
		Debug|Any CPU = Debug|Any CPU
		Release|Any CPU = Release|Any CPU
	EndGlobalSection
	GlobalSection(ProjectConfigurationPlatforms) = postSolution
		{ED634E75-FDF9-40E7-BE2E-FE11401F22D4}.Debug|Any CPU.ActiveCfg = Debug|Any CPU
		{ED634E75-FDF9-40E7-BE2E-FE11401F22D4}.Debug|Any CPU.Build.0 = Debug|Any CPU
		{ED634E75-FDF9-40E7-BE2E-FE11401F22D4}.Release|Any CPU.ActiveCfg = Release|Any CPU
		{ED634E75-FDF9-40E7-BE2E-FE11401F22D4}.Release|Any CPU.Build.0 = Release|Any CPU
	EndGlobalSection
	GlobalSection(SolutionProperties) = preSolution
		HideSolutionNode = FALSE
	EndGlobalSection
	GlobalSection(ExtensibilityGlobals) = postSolution
		SolutionGuid = {D5E89D39-3D1C-4B88-963F-9EB3D495AF7C}
	EndGlobalSection
EndGlobal
