
Microsoft Visual Studio Solution File, Format Version 12.00
# Visual Studio Version 17
VisualStudioVersion = 17.9.34723.18
MinimumVisualStudioVersion = 10.0.40219.1
Project("{FAE04EC0-301F-11D3-BF4B-00C04F79EFBC}") = "Q02", "Q02.csproj", "{8E458A24-8C2D-49FA-A4F4-F2778D5917C7}"
EndProject
Global
	GlobalSection(SolutionConfigurationPlatforms) = preSolution
		Debug|Any CPU = Debug|Any CPU
		Release|Any CPU = Release|Any CPU
	EndGlobalSection
	GlobalSection(ProjectConfigurationPlatforms) = postSolution
		{8E458A24-8C2D-49FA-A4F4-F2778D5917C7}.Debug|Any CPU.ActiveCfg = Debug|Any CPU
		{8E458A24-8C2D-49FA-A4F4-F2778D5917C7}.Debug|Any CPU.Build.0 = Debug|Any CPU
		{8E458A24-8C2D-49FA-A4F4-F2778D5917C7}.Release|Any CPU.ActiveCfg = Release|Any CPU
		{8E458A24-8C2D-49FA-A4F4-F2778D5917C7}.Release|Any CPU.Build.0 = Release|Any CPU
	EndGlobalSection
	GlobalSection(SolutionProperties) = preSolution
		HideSolutionNode = FALSE
	EndGlobalSection
	GlobalSection(ExtensibilityGlobals) = postSolution
		SolutionGuid = {8E7BE708-C0FD-495E-A835-9B43A508A20A}
	EndGlobalSection
EndGlobal
